
Microsoft Visual Studio Solution File, Format Version 12.00
# Visual Studio Version 17
VisualStudioVersion = 17.6.33829.357
MinimumVisualStudioVersion = 10.0.40219.1
Project("{FAE04EC0-301F-11D3-BF4B-00C04F79EFBC}") = "Shared", "Shared\Shared.csproj", "{A10094F2-A384-45E9-9011-6D939244B250}"
EndProject
Project("{FAE04EC0-301F-11D3-BF4B-00C04F79EFBC}") = "StoreRegisterSimulator", "StoreRegisterSimulator\StoreRegisterSimulator.csproj", "{167956EF-D9CF-4032-9A8A-C86BD80E49DC}"
EndProject
Project("{FAE04EC0-301F-11D3-BF4B-00C04F79EFBC}") = "InventoryMonitor", "InventoryMonitor\InventoryMonitor.csproj", "{9F358575-BAAC-4A1C-A05E-42C09CA1D041}"
EndProject
Global
	GlobalSection(SolutionConfigurationPlatforms) = preSolution
		Debug|Any CPU = Debug|Any CPU
		Release|Any CPU = Release|Any CPU
	EndGlobalSection
	GlobalSection(ProjectConfigurationPlatforms) = postSolution
		{A10094F2-A384-45E9-9011-6D939244B250}.Debug|Any CPU.ActiveCfg = Debug|Any CPU
		{A10094F2-A384-45E9-9011-6D939244B250}.Debug|Any CPU.Build.0 = Debug|Any CPU
		{A10094F2-A384-45E9-9011-6D939244B250}.Release|Any CPU.ActiveCfg = Release|Any CPU
		{A10094F2-A384-45E9-9011-6D939244B250}.Release|Any CPU.Build.0 = Release|Any CPU
		{167956EF-D9CF-4032-9A8A-C86BD80E49DC}.Debug|Any CPU.ActiveCfg = Debug|Any CPU
		{167956EF-D9CF-4032-9A8A-C86BD80E49DC}.Debug|Any CPU.Build.0 = Debug|Any CPU
		{167956EF-D9CF-4032-9A8A-C86BD80E49DC}.Release|Any CPU.ActiveCfg = Release|Any CPU
		{167956EF-D9CF-4032-9A8A-C86BD80E49DC}.Release|Any CPU.Build.0 = Release|Any CPU
		{9F358575-BAAC-4A1C-A05E-42C09CA1D041}.Debug|Any CPU.ActiveCfg = Debug|Any CPU
		{9F358575-BAAC-4A1C-A05E-42C09CA1D041}.Debug|Any CPU.Build.0 = Debug|Any CPU
		{9F358575-BAAC-4A1C-A05E-42C09CA1D041}.Release|Any CPU.ActiveCfg = Release|Any CPU
		{9F358575-BAAC-4A1C-A05E-42C09CA1D041}.Release|Any CPU.Build.0 = Release|Any CPU
	EndGlobalSection
	GlobalSection(SolutionProperties) = preSolution
		HideSolutionNode = FALSE
	EndGlobalSection
	GlobalSection(ExtensibilityGlobals) = postSolution
		SolutionGuid = {2C11D7E8-B55E-49E2-BF9B-5D05D4E52909}
	EndGlobalSection
EndGlobal
